
Microsoft Visual Studio Solution File, Format Version 12.00
# Visual Studio Version 17
VisualStudioVersion = 17.8.34525.116
MinimumVisualStudioVersion = 10.0.40219.1
Project("{FAE04EC0-301F-11D3-BF4B-00C04F79EFBC}") = "Appointment_SaaS.Core", "Appointment_SaaS.Core\Appointment_SaaS.Core.csproj", "{D29532B6-70AA-46CF-9AC7-FBA4F7E3890F}"
EndProject
Project("{FAE04EC0-301F-11D3-BF4B-00C04F79EFBC}") = "Appointment_SaaS.Data", "Appointment_SaaS.Data\Appointment_SaaS.Data.csproj", "{12D6D7AC-1E30-43F9-85C5-358CB4A59BA0}"
EndProject
Project("{FAE04EC0-301F-11D3-BF4B-00C04F79EFBC}") = "Appointment_SaaS.Business", "Appointment_SaaS.Business\Appointment_SaaS.Business.csproj", "{9FEEAE04-C6D2-4AAC-970C-198CCA8C70A9}"
EndProject
Project("{FAE04EC0-301F-11D3-BF4B-00C04F79EFBC}") = "Appointment_SaaS.API", "Appointment_SaaS.API\Appointment_SaaS.API.csproj", "{1D907D4A-F264-4E3C-8BDA-08B2784000C7}"
EndProject
Project("{FAE04EC0-301F-11D3-BF4B-00C04F79EFBC}") = "Appointment_SaaS.WebUI", "Appointment_SaaS.WebUI\Appointment_SaaS.WebUI.csproj", "{8745AFD0-3F2A-4C74-846B-F4C9BDFB657A}"
EndProject
Global
	GlobalSection(SolutionConfigurationPlatforms) = preSolution
		Debug|Any CPU = Debug|Any CPU
		Release|Any CPU = Release|Any CPU
	EndGlobalSection
	GlobalSection(ProjectConfigurationPlatforms) = postSolution
		{D29532B6-70AA-46CF-9AC7-FBA4F7E3890F}.Debug|Any CPU.ActiveCfg = Debug|Any CPU
		{D29532B6-70AA-46CF-9AC7-FBA4F7E3890F}.Debug|Any CPU.Build.0 = Debug|Any CPU
		{D29532B6-70AA-46CF-9AC7-FBA4F7E3890F}.Release|Any CPU.ActiveCfg = Release|Any CPU
		{D29532B6-70AA-46CF-9AC7-FBA4F7E3890F}.Release|Any CPU.Build.0 = Release|Any CPU
		{12D6D7AC-1E30-43F9-85C5-358CB4A59BA0}.Debug|Any CPU.ActiveCfg = Debug|Any CPU
		{12D6D7AC-1E30-43F9-85C5-358CB4A59BA0}.Debug|Any CPU.Build.0 = Debug|Any CPU
		{12D6D7AC-1E30-43F9-85C5-358CB4A59BA0}.Release|Any CPU.ActiveCfg = Release|Any CPU
		{12D6D7AC-1E30-43F9-85C5-358CB4A59BA0}.Release|Any CPU.Build.0 = Release|Any CPU
		{9FEEAE04-C6D2-4AAC-970C-198CCA8C70A9}.Debug|Any CPU.ActiveCfg = Debug|Any CPU
		{9FEEAE04-C6D2-4AAC-970C-198CCA8C70A9}.Debug|Any CPU.Build.0 = Debug|Any CPU
		{9FEEAE04-C6D2-4AAC-970C-198CCA8C70A9}.Release|Any CPU.ActiveCfg = Release|Any CPU
		{9FEEAE04-C6D2-4AAC-970C-198CCA8C70A9}.Release|Any CPU.Build.0 = Release|Any CPU
		{1D907D4A-F264-4E3C-8BDA-08B2784000C7}.Debug|Any CPU.ActiveCfg = Debug|Any CPU
		{1D907D4A-F264-4E3C-8BDA-08B2784000C7}.Debug|Any CPU.Build.0 = Debug|Any CPU
		{1D907D4A-F264-4E3C-8BDA-08B2784000C7}.Release|Any CPU.ActiveCfg = Release|Any CPU
		{1D907D4A-F264-4E3C-8BDA-08B2784000C7}.Release|Any CPU.Build.0 = Release|Any CPU
		{8745AFD0-3F2A-4C74-846B-F4C9BDFB657A}.Debug|Any CPU.ActiveCfg = Debug|Any CPU
		{8745AFD0-3F2A-4C74-846B-F4C9BDFB657A}.Debug|Any CPU.Build.0 = Debug|Any CPU
		{8745AFD0-3F2A-4C74-846B-F4C9BDFB657A}.Release|Any CPU.ActiveCfg = Release|Any CPU
		{8745AFD0-3F2A-4C74-846B-F4C9BDFB657A}.Release|Any CPU.Build.0 = Release|Any CPU
	EndGlobalSection
	GlobalSection(SolutionProperties) = preSolution
		HideSolutionNode = FALSE
	EndGlobalSection
	GlobalSection(ExtensibilityGlobals) = postSolution
		SolutionGuid = {38F95A32-C91F-47FE-92C4-62B9CA3CD055}
	EndGlobalSection
EndGlobal
